
Microsoft Visual Studio Solution File, Format Version 12.00
# Visual Studio Version 17
VisualStudioVersion = 17.12.35527.113
MinimumVisualStudioVersion = 10.0.40219.1
Project("{FAE04EC0-301F-11D3-BF4B-00C04F79EFBC}") = "OldPhonePadToTextConverter", "OldPhonePadToTextConverter.csproj", "{BF974FAB-62E0-4B17-915A-E31C8AB0B56F}"
EndProject
Project("{2150E333-8FDC-42A3-9474-1A3956D46DE8}") = "Tests", "Tests", "{BD2781ED-C994-486F-81F3-4111504C4598}"
EndProject
Project("{FAE04EC0-301F-11D3-BF4B-00C04F79EFBC}") = "OldPhonePadToTextConverterTests", "..\Tests\OldPhonePadToTextConverterTests\OldPhonePadToTextConverterTests.csproj", "{B964B655-103E-4521-A5A1-3137E8BD6A9C}"
EndProject
Global
	GlobalSection(SolutionConfigurationPlatforms) = preSolution
		Debug|Any CPU = Debug|Any CPU
		Release|Any CPU = Release|Any CPU
	EndGlobalSection
	GlobalSection(ProjectConfigurationPlatforms) = postSolution
		{BF974FAB-62E0-4B17-915A-E31C8AB0B56F}.Debug|Any CPU.ActiveCfg = Debug|Any CPU
		{BF974FAB-62E0-4B17-915A-E31C8AB0B56F}.Debug|Any CPU.Build.0 = Debug|Any CPU
		{BF974FAB-62E0-4B17-915A-E31C8AB0B56F}.Release|Any CPU.ActiveCfg = Release|Any CPU
		{BF974FAB-62E0-4B17-915A-E31C8AB0B56F}.Release|Any CPU.Build.0 = Release|Any CPU
		{B964B655-103E-4521-A5A1-3137E8BD6A9C}.Debug|Any CPU.ActiveCfg = Debug|Any CPU
		{B964B655-103E-4521-A5A1-3137E8BD6A9C}.Debug|Any CPU.Build.0 = Debug|Any CPU
		{B964B655-103E-4521-A5A1-3137E8BD6A9C}.Release|Any CPU.ActiveCfg = Release|Any CPU
		{B964B655-103E-4521-A5A1-3137E8BD6A9C}.Release|Any CPU.Build.0 = Release|Any CPU
	EndGlobalSection
	GlobalSection(SolutionProperties) = preSolution
		HideSolutionNode = FALSE
	EndGlobalSection
	GlobalSection(NestedProjects) = preSolution
		{B964B655-103E-4521-A5A1-3137E8BD6A9C} = {BD2781ED-C994-486F-81F3-4111504C4598}
	EndGlobalSection
EndGlobal
